
Microsoft Visual Studio Solution File, Format Version 12.00
# Visual Studio Version 16
VisualStudioVersion = 16.0.29613.14
MinimumVisualStudioVersion = 10.0.40219.1
Project("{FAE04EC0-301F-11D3-BF4B-00C04F79EFBC}") = "SnakeBrain", "SnakeBrain\SnakeBrain.csproj", "{8F70E92C-62F5-4BDD-827C-E58B06E7303E}"
EndProject
Global
	GlobalSection(SolutionConfigurationPlatforms) = preSolution
		Debug|Any CPU = Debug|Any CPU
		Release|Any CPU = Release|Any CPU
	EndGlobalSection
	GlobalSection(ProjectConfigurationPlatforms) = postSolution
		{8F70E92C-62F5-4BDD-827C-E58B06E7303E}.Debug|Any CPU.ActiveCfg = Debug|Any CPU
		{8F70E92C-62F5-4BDD-827C-E58B06E7303E}.Debug|Any CPU.Build.0 = Debug|Any CPU
		{8F70E92C-62F5-4BDD-827C-E58B06E7303E}.Release|Any CPU.ActiveCfg = Release|Any CPU
		{8F70E92C-62F5-4BDD-827C-E58B06E7303E}.Release|Any CPU.Build.0 = Release|Any CPU
	EndGlobalSection
	GlobalSection(SolutionProperties) = preSolution
		HideSolutionNode = FALSE
	EndGlobalSection
	GlobalSection(ExtensibilityGlobals) = postSolution
		SolutionGuid = {4977ABE5-6435-4456-AD5B-C48491E5BAA2}
	EndGlobalSection
EndGlobal
